
Microsoft Visual Studio Solution File, Format Version 12.00
# Visual Studio Version 17
VisualStudioVersion = 17.5.2.0
MinimumVisualStudioVersion = 10.0.40219.1
Project("{FAE04EC0-301F-11D3-BF4B-00C04F79EFBC}") = "LogisticsApp", "LogisticsApp.csproj", "{2D0B82DB-58A0-A57C-42F7-AE921B9EDC11}"
EndProject
Project("{FAE04EC0-301F-11D3-BF4B-00C04F79EFBC}") = "Modules.TestProj", "Modules.TestProj\Modules.TestProj.csproj", "{FD2E0AF5-8567-4CA9-A47D-FF1F6DAADAFC}"
EndProject
Global
	GlobalSection(SolutionConfigurationPlatforms) = preSolution
		Debug|Any CPU = Debug|Any CPU
		Debug|x64 = Debug|x64
		Debug|x86 = Debug|x86
		Release|Any CPU = Release|Any CPU
		Release|x64 = Release|x64
		Release|x86 = Release|x86
	EndGlobalSection
	GlobalSection(ProjectConfigurationPlatforms) = postSolution
		{2D0B82DB-58A0-A57C-42F7-AE921B9EDC11}.Debug|Any CPU.ActiveCfg = Debug|Any CPU
		{2D0B82DB-58A0-A57C-42F7-AE921B9EDC11}.Debug|Any CPU.Build.0 = Debug|Any CPU
		{2D0B82DB-58A0-A57C-42F7-AE921B9EDC11}.Debug|x64.ActiveCfg = Debug|Any CPU
		{2D0B82DB-58A0-A57C-42F7-AE921B9EDC11}.Debug|x64.Build.0 = Debug|Any CPU
		{2D0B82DB-58A0-A57C-42F7-AE921B9EDC11}.Debug|x86.ActiveCfg = Debug|Any CPU
		{2D0B82DB-58A0-A57C-42F7-AE921B9EDC11}.Debug|x86.Build.0 = Debug|Any CPU
		{2D0B82DB-58A0-A57C-42F7-AE921B9EDC11}.Release|Any CPU.ActiveCfg = Release|Any CPU
		{2D0B82DB-58A0-A57C-42F7-AE921B9EDC11}.Release|Any CPU.Build.0 = Release|Any CPU
		{2D0B82DB-58A0-A57C-42F7-AE921B9EDC11}.Release|x64.ActiveCfg = Release|Any CPU
		{2D0B82DB-58A0-A57C-42F7-AE921B9EDC11}.Release|x64.Build.0 = Release|Any CPU
		{2D0B82DB-58A0-A57C-42F7-AE921B9EDC11}.Release|x86.ActiveCfg = Release|Any CPU
		{2D0B82DB-58A0-A57C-42F7-AE921B9EDC11}.Release|x86.Build.0 = Release|Any CPU
		{FD2E0AF5-8567-4CA9-A47D-FF1F6DAADAFC}.Debug|Any CPU.ActiveCfg = Debug|Any CPU
		{FD2E0AF5-8567-4CA9-A47D-FF1F6DAADAFC}.Debug|Any CPU.Build.0 = Debug|Any CPU
		{FD2E0AF5-8567-4CA9-A47D-FF1F6DAADAFC}.Debug|x64.ActiveCfg = Debug|Any CPU
		{FD2E0AF5-8567-4CA9-A47D-FF1F6DAADAFC}.Debug|x64.Build.0 = Debug|Any CPU
		{FD2E0AF5-8567-4CA9-A47D-FF1F6DAADAFC}.Debug|x86.ActiveCfg = Debug|Any CPU
		{FD2E0AF5-8567-4CA9-A47D-FF1F6DAADAFC}.Debug|x86.Build.0 = Debug|Any CPU
		{FD2E0AF5-8567-4CA9-A47D-FF1F6DAADAFC}.Release|Any CPU.ActiveCfg = Release|Any CPU
		{FD2E0AF5-8567-4CA9-A47D-FF1F6DAADAFC}.Release|Any CPU.Build.0 = Release|Any CPU
		{FD2E0AF5-8567-4CA9-A47D-FF1F6DAADAFC}.Release|x64.ActiveCfg = Release|Any CPU
		{FD2E0AF5-8567-4CA9-A47D-FF1F6DAADAFC}.Release|x64.Build.0 = Release|Any CPU
		{FD2E0AF5-8567-4CA9-A47D-FF1F6DAADAFC}.Release|x86.ActiveCfg = Release|Any CPU
		{FD2E0AF5-8567-4CA9-A47D-FF1F6DAADAFC}.Release|x86.Build.0 = Release|Any CPU
	EndGlobalSection
	GlobalSection(SolutionProperties) = preSolution
		HideSolutionNode = FALSE
	EndGlobalSection
	GlobalSection(ExtensibilityGlobals) = postSolution
		SolutionGuid = {D48C2247-766E-4702-8D4D-10CBACC228BE}
	EndGlobalSection
EndGlobal
